// !$*UTF8*$!
{
	archiveVersion = 1;
	classes = {
	};
	objectVersion = 46;
	objects = {

/* Begin PBXBuildFile section */
		794375871DFA17C2009BDC48 /* AppDelegate.swift in Sources */ = {isa = PBXBuildFile; fileRef = 794375861DFA17C2009BDC48 /* AppDelegate.swift */; };
		7943758E1DFA17C2009BDC48 /* Assets.xcassets in Resources */ = {isa = PBXBuildFile; fileRef = 7943758D1DFA17C2009BDC48 /* Assets.xcassets */; };
		794375911DFA17C2009BDC48 /* LaunchScreen.storyboard in Resources */ = {isa = PBXBuildFile; fileRef = 7943758F1DFA17C2009BDC48 /* LaunchScreen.storyboard */; };
		7943759C1DFA17C2009BDC48 /* collectionViewPracticeTests.swift in Sources */ = {isa = PBXBuildFile; fileRef = 7943759B1DFA17C2009BDC48 /* collectionViewPracticeTests.swift */; };
		794375A71DFA17C2009BDC48 /* collectionViewPracticeUITests.swift in Sources */ = {isa = PBXBuildFile; fileRef = 794375A61DFA17C2009BDC48 /* collectionViewPracticeUITests.swift */; };
		794375B51DFA17D2009BDC48 /* CollectionViewController.swift in Sources */ = {isa = PBXBuildFile; fileRef = 794375B41DFA17D2009BDC48 /* CollectionViewController.swift */; };
		794375B71DFCA545009BDC48 /* CollectionViewCell.swift in Sources */ = {isa = PBXBuildFile; fileRef = 794375B61DFCA545009BDC48 /* CollectionViewCell.swift */; };
		794375BC1DFCAA50009BDC48 /* Main.storyboard in Resources */ = {isa = PBXBuildFile; fileRef = 794375BA1DFCAA50009BDC48 /* Main.storyboard */; };
/* End PBXBuildFile section */

/* Begin PBXContainerItemProxy section */
		794375981DFA17C2009BDC48 /* PBXContainerItemProxy */ = {
			isa = PBXContainerItemProxy;
			containerPortal = 7943757B1DFA17C2009BDC48 /* Project object */;
			proxyType = 1;
			remoteGlobalIDString = 794375821DFA17C2009BDC48;
			remoteInfo = collectionViewPractice;
		};
		794375A31DFA17C2009BDC48 /* PBXContainerItemProxy */ = {
			isa = PBXContainerItemProxy;
			containerPortal = 7943757B1DFA17C2009BDC48 /* Project object */;
			proxyType = 1;
			remoteGlobalIDString = 794375821DFA17C2009BDC48;
			remoteInfo = collectionViewPractice;
		};
/* End PBXContainerItemProxy section */

/* Begin PBXFileReference section */
		794375831DFA17C2009BDC48 /* collectionViewPractice.app */ = {isa = PBXFileReference; explicitFileType = wrapper.application; includeInIndex = 0; path = collectionViewPractice.app; sourceTree = BUILT_PRODUCTS_DIR; };
		794375861DFA17C2009BDC48 /* AppDelegate.swift */ = {isa = PBXFileReference; lastKnownFileType = sourcecode.swift; path = AppDelegate.swift; sourceTree = "<group>"; };
		7943758D1DFA17C2009BDC48 /* Assets.xcassets */ = {isa = PBXFileReference; lastKnownFileType = folder.assetcatalog; path = Assets.xcassets; sourceTree = "<group>"; };
		794375901DFA17C2009BDC48 /* Base */ = {isa = PBXFileReference; lastKnownFileType = file.storyboard; name = Base; path = Base.lproj/LaunchScreen.storyboard; sourceTree = "<group>"; };
		794375921DFA17C2009BDC48 /* Info.plist */ = {isa = PBXFileReference; lastKnownFileType = text.plist.xml; path = Info.plist; sourceTree = "<group>"; };
		794375971DFA17C2009BDC48 /* collectionViewPracticeTests.xctest */ = {isa = PBXFileReference; explicitFileType = wrapper.cfbundle; includeInIndex = 0; path = collectionViewPracticeTests.xctest; sourceTree = BUILT_PRODUCTS_DIR; };
		7943759B1DFA17C2009BDC48 /* collectionViewPracticeTests.swift */ = {isa = PBXFileReference; lastKnownFileType = sourcecode.swift; path = collectionViewPracticeTests.swift; sourceTree = "<group>"; };
		7943759D1DFA17C2009BDC48 /* Info.plist */ = {isa = PBXFileReference; lastKnownFileType = text.plist.xml; path = Info.plist; sourceTree = "<group>"; };
		794375A21DFA17C2009BDC48 /* collectionViewPracticeUITests.xctest */ = {isa = PBXFileReference; explicitFileType = wrapper.cfbundle; includeInIndex = 0; path = collectionViewPracticeUITests.xctest; sourceTree = BUILT_PRODUCTS_DIR; };
		794375A61DFA17C2009BDC48 /* collectionViewPracticeUITests.swift */ = {isa = PBXFileReference; lastKnownFileType = sourcecode.swift; path = collectionViewPracticeUITests.swift; sourceTree = "<group>"; };
		794375A81DFA17C2009BDC48 /* Info.plist */ = {isa = PBXFileReference; lastKnownFileType = text.plist.xml; path = Info.plist; sourceTree = "<group>"; };
		794375B41DFA17D2009BDC48 /* CollectionViewController.swift */ = {isa = PBXFileReference; fileEncoding = 4; lastKnownFileType = sourcecode.swift; path = CollectionViewController.swift; sourceTree = "<group>"; };
		794375B61DFCA545009BDC48 /* CollectionViewCell.swift */ = {isa = PBXFileReference; fileEncoding = 4; lastKnownFileType = sourcecode.swift; path = CollectionViewCell.swift; sourceTree = "<group>"; };
		794375BB1DFCAA50009BDC48 /* Base */ = {isa = PBXFileReference; lastKnownFileType = file.storyboard; name = Base; path = Base.lproj/Main.storyboard; sourceTree = "<group>"; };
/* End PBXFileReference section */

/* Begin PBXFrameworksBuildPhase section */
		794375801DFA17C2009BDC48 /* Frameworks */ = {
			isa = PBXFrameworksBuildPhase;
			buildActionMask = 2147483647;
			files = (
			);
			runOnlyForDeploymentPostprocessing = 0;
		};
		794375941DFA17C2009BDC48 /* Frameworks */ = {
			isa = PBXFrameworksBuildPhase;
			buildActionMask = 2147483647;
			files = (
			);
			runOnlyForDeploymentPostprocessing = 0;
		};
		7943759F1DFA17C2009BDC48 /* Frameworks */ = {
			isa = PBXFrameworksBuildPhase;
			buildActionMask = 2147483647;
			files = (
			);
			runOnlyForDeploymentPostprocessing = 0;
		};
/* End PBXFrameworksBuildPhase section */

/* Begin PBXGroup section */
		7943757A1DFA17C2009BDC48 = {
			isa = PBXGroup;
			children = (
				794375851DFA17C2009BDC48 /* collectionViewPractice */,
				7943759A1DFA17C2009BDC48 /* collectionViewPracticeTests */,
				794375A51DFA17C2009BDC48 /* collectionViewPracticeUITests */,
				794375841DFA17C2009BDC48 /* Products */,
			);
			sourceTree = "<group>";
		};
		794375841DFA17C2009BDC48 /* Products */ = {
			isa = PBXGroup;
			children = (
				794375831DFA17C2009BDC48 /* collectionViewPractice.app */,
				794375971DFA17C2009BDC48 /* collectionViewPracticeTests.xctest */,
				794375A21DFA17C2009BDC48 /* collectionViewPracticeUITests.xctest */,
			);
			name = Products;
			sourceTree = "<group>";
		};
		794375851DFA17C2009BDC48 /* collectionViewPractice */ = {
			isa = PBXGroup;
			children = (
				79AC26111DFF665900602274 /* Views */,
				794375861DFA17C2009BDC48 /* AppDelegate.swift */,
				7943758D1DFA17C2009BDC48 /* Assets.xcassets */,
				7943758F1DFA17C2009BDC48 /* LaunchScreen.storyboard */,
				794375BA1DFCAA50009BDC48 /* Main.storyboard */,
				794375921DFA17C2009BDC48 /* Info.plist */,
			);
			path = collectionViewPractice;
			sourceTree = "<group>";
		};
		7943759A1DFA17C2009BDC48 /* collectionViewPracticeTests */ = {
			isa = PBXGroup;
			children = (
				7943759B1DFA17C2009BDC48 /* collectionViewPracticeTests.swift */,
				7943759D1DFA17C2009BDC48 /* Info.plist */,
			);
			path = collectionViewPracticeTests;
			sourceTree = "<group>";
		};
		794375A51DFA17C2009BDC48 /* collectionViewPracticeUITests */ = {
			isa = PBXGroup;
			children = (
				794375A61DFA17C2009BDC48 /* collectionViewPracticeUITests.swift */,
				794375A81DFA17C2009BDC48 /* Info.plist */,
			);
			path = collectionViewPracticeUITests;
			sourceTree = "<group>";
		};
		79AC26111DFF665900602274 /* Views */ = {
			isa = PBXGroup;
			children = (
				794375B41DFA17D2009BDC48 /* CollectionViewController.swift */,
				794375B61DFCA545009BDC48 /* CollectionViewCell.swift */,
			);
			name = Views;
			sourceTree = "<group>";
		};
/* End PBXGroup section */

/* Begin PBXNativeTarget section */
		794375821DFA17C2009BDC48 /* collectionViewPractice */ = {
			isa = PBXNativeTarget;
			buildConfigurationList = 794375AB1DFA17C2009BDC48 /* Build configuration list for PBXNativeTarget "collectionViewPractice" */;
			buildPhases = (
				7943757F1DFA17C2009BDC48 /* Sources */,
				794375801DFA17C2009BDC48 /* Frameworks */,
				794375811DFA17C2009BDC48 /* Resources */,
			);
			buildRules = (
			);
			dependencies = (
			);
			name = collectionViewPractice;
			productName = collectionViewPractice;
			productReference = 794375831DFA17C2009BDC48 /* collectionViewPractice.app */;
			productType = "com.apple.product-type.application";
		};
		794375961DFA17C2009BDC48 /* collectionViewPracticeTests */ = {
			isa = PBXNativeTarget;
			buildConfigurationList = 794375AE1DFA17C2009BDC48 /* Build configuration list for PBXNativeTarget "collectionViewPracticeTests" */;
			buildPhases = (
				794375931DFA17C2009BDC48 /* Sources */,
				794375941DFA17C2009BDC48 /* Frameworks */,
				794375951DFA17C2009BDC48 /* Resources */,
			);
			buildRules = (
			);
			dependencies = (
				794375991DFA17C2009BDC48 /* PBXTargetDependency */,
			);
			name = collectionViewPracticeTests;
			productName = collectionViewPracticeTests;
			productReference = 794375971DFA17C2009BDC48 /* collectionViewPracticeTests.xctest */;
			productType = "com.apple.product-type.bundle.unit-test";
		};
		794375A11DFA17C2009BDC48 /* collectionViewPracticeUITests */ = {
			isa = PBXNativeTarget;
			buildConfigurationList = 794375B11DFA17C2009BDC48 /* Build configuration list for PBXNativeTarget "collectionViewPracticeUITests" */;
			buildPhases = (
				7943759E1DFA17C2009BDC48 /* Sources */,
				7943759F1DFA17C2009BDC48 /* Frameworks */,
				794375A01DFA17C2009BDC48 /* Resources */,
			);
			buildRules = (
			);
			dependencies = (
				794375A41DFA17C2009BDC48 /* PBXTargetDependency */,
			);
			name = collectionViewPracticeUITests;
			productName = collectionViewPracticeUITests;
			productReference = 794375A21DFA17C2009BDC48 /* collectionViewPracticeUITests.xctest */;
			productType = "com.apple.product-type.bundle.ui-testing";
		};
/* End PBXNativeTarget section */

/* Begin PBXProject section */
		7943757B1DFA17C2009BDC48 /* Project object */ = {
			isa = PBXProject;
			attributes = {
				LastSwiftUpdateCheck = 0810;
				LastUpgradeCheck = 0810;
				ORGANIZATIONNAME = modelf;
				TargetAttributes = {
					794375821DFA17C2009BDC48 = {
						CreatedOnToolsVersion = 8.1;
						DevelopmentTeam = 6W97WT4N63;
						ProvisioningStyle = Automatic;
					};
					794375961DFA17C2009BDC48 = {
						CreatedOnToolsVersion = 8.1;
						DevelopmentTeam = 6W97WT4N63;
						ProvisioningStyle = Automatic;
						TestTargetID = 794375821DFA17C2009BDC48;
					};
					794375A11DFA17C2009BDC48 = {
						CreatedOnToolsVersion = 8.1;
						DevelopmentTeam = 6W97WT4N63;
						ProvisioningStyle = Automatic;
						TestTargetID = 794375821DFA17C2009BDC48;
					};
				};
			};
			buildConfigurationList = 7943757E1DFA17C2009BDC48 /* Build configuration list for PBXProject "collectionViewPractice" */;
			compatibilityVersion = "Xcode 3.2";
			developmentRegion = English;
			hasScannedForEncodings = 0;
			knownRegions = (
				en,
				Base,
			);
			mainGroup = 7943757A1DFA17C2009BDC48;
			productRefGroup = 794375841DFA17C2009BDC48 /* Products */;
			projectDirPath = "";
			projectRoot = "";
			targets = (
				794375821DFA17C2009BDC48 /* collectionViewPractice */,
				794375961DFA17C2009BDC48 /* collectionViewPracticeTests */,
				794375A11DFA17C2009BDC48 /* collectionViewPracticeUITests */,
			);
		};
/* End PBXProject section */

/* Begin PBXResourcesBuildPhase section */
		794375811DFA17C2009BDC48 /* Resources */ = {
			isa = PBXResourcesBuildPhase;
			buildActionMask = 2147483647;
			files = (
				794375BC1DFCAA50009BDC48 /* Main.storyboard in Resources */,
				794375911DFA17C2009BDC48 /* LaunchScreen.storyboard in Resources */,
				7943758E1DFA17C2009BDC48 /* Assets.xcassets in Resources */,
			);
			runOnlyForDeploymentPostprocessing = 0;
		};
		794375951DFA17C2009BDC48 /* Resources */ = {
			isa = PBXResourcesBuildPhase;
			buildActionMask = 2147483647;
			files = (
			);
			runOnlyForDeploymentPostprocessing = 0;
		};
		794375A01DFA17C2009BDC48 /* Resources */ = {
			isa = PBXResourcesBuildPhase;
			buildActionMask = 2147483647;
			files = (
			);
			runOnlyForDeploymentPostprocessing = 0;
		};
/* End PBXResourcesBuildPhase section */

/* Begin PBXSourcesBuildPhase section */
		7943757F1DFA17C2009BDC48 /* Sources */ = {
			isa = PBXSourcesBuildPhase;
			buildActionMask = 2147483647;
			files = (
				794375B51DFA17D2009BDC48 /* CollectionViewController.swift in Sources */,
				794375871DFA17C2009BDC48 /* AppDelegate.swift in Sources */,
				794375B71DFCA545009BDC48 /* CollectionViewCell.swift in Sources */,
			);
			runOnlyForDeploymentPostprocessing = 0;
		};
		794375931DFA17C2009BDC48 /* Sources */ = {
			isa = PBXSourcesBuildPhase;
			buildActionMask = 2147483647;
			files = (
				7943759C1DFA17C2009BDC48 /* collectionViewPracticeTests.swift in Sources */,
			);
			runOnlyForDeploymentPostprocessing = 0;
		};
		7943759E1DFA17C2009BDC48 /* Sources */ = {
			isa = PBXSourcesBuildPhase;
			buildActionMask = 2147483647;
			files = (
				794375A71DFA17C2009BDC48 /* collectionViewPracticeUITests.swift in Sources */,
			);
			runOnlyForDeploymentPostprocessing = 0;
		};
/* End PBXSourcesBuildPhase section */

/* Begin PBXTargetDependency section */
		794375991DFA17C2009BDC48 /* PBXTargetDependency */ = {
			isa = PBXTargetDependency;
			target = 794375821DFA17C2009BDC48 /* collectionViewPractice */;
			targetProxy = 794375981DFA17C2009BDC48 /* PBXContainerItemProxy */;
		};
		794375A41DFA17C2009BDC48 /* PBXTargetDependency */ = {
			isa = PBXTargetDependency;
			target = 794375821DFA17C2009BDC48 /* collectionViewPractice */;
			targetProxy = 794375A31DFA17C2009BDC48 /* PBXContainerItemProxy */;
		};
/* End PBXTargetDependency section */

/* Begin PBXVariantGroup section */
		7943758F1DFA17C2009BDC48 /* LaunchScreen.storyboard */ = {
			isa = PBXVariantGroup;
			children = (
				794375901DFA17C2009BDC48 /* Base */,
			);
			name = LaunchScreen.storyboard;
			sourceTree = "<group>";
		};
		794375BA1DFCAA50009BDC48 /* Main.storyboard */ = {
			isa = PBXVariantGroup;
			children = (
				794375BB1DFCAA50009BDC48 /* Base */,
			);
			name = Main.storyboard;
			sourceTree = "<group>";
		};
/* End PBXVariantGroup section */

/* Begin XCBuildConfiguration section */
		794375A91DFA17C2009BDC48 /* Debug */ = {
			isa = XCBuildConfiguration;
			buildSettings = {
				ALWAYS_SEARCH_USER_PATHS = NO;
				CLANG_ANALYZER_NONNULL = YES;
				CLANG_CXX_LANGUAGE_STANDARD = "gnu++0x";
				CLANG_CXX_LIBRARY = "libc++";
				CLANG_ENABLE_MODULES = YES;
				CLANG_ENABLE_OBJC_ARC = YES;
				CLANG_WARN_BOOL_CONVERSION = YES;
				CLANG_WARN_CONSTANT_CONVERSION = YES;
				CLANG_WARN_DIRECT_OBJC_ISA_USAGE = YES_ERROR;
				CLANG_WARN_DOCUMENTATION_COMMENTS = YES;
				CLANG_WARN_EMPTY_BODY = YES;
				CLANG_WARN_ENUM_CONVERSION = YES;
				CLANG_WARN_INFINITE_RECURSION = YES;
				CLANG_WARN_INT_CONVERSION = YES;
				CLANG_WARN_OBJC_ROOT_CLASS = YES_ERROR;
				CLANG_WARN_SUSPICIOUS_MOVES = YES;
				CLANG_WARN_UNREACHABLE_CODE = YES;
				CLANG_WARN__DUPLICATE_METHOD_MATCH = YES;
				"CODE_SIGN_IDENTITY[sdk=iphoneos*]" = "iPhone Developer";
				COPY_PHASE_STRIP = NO;
				DEBUG_INFORMATION_FORMAT = dwarf;
				ENABLE_STRICT_OBJC_MSGSEND = YES;
				ENABLE_TESTABILITY = YES;
				GCC_C_LANGUAGE_STANDARD = gnu99;
				GCC_DYNAMIC_NO_PIC = NO;
				GCC_NO_COMMON_BLOCKS = YES;
				GCC_OPTIMIZATION_LEVEL = 0;
				GCC_PREPROCESSOR_DEFINITIONS = (
					"DEBUG=1",
					"$(inherited)",
				);
				GCC_WARN_64_TO_32_BIT_CONVERSION = YES;
				GCC_WARN_ABOUT_RETURN_TYPE = YES_ERROR;
				GCC_WARN_UNDECLARED_SELECTOR = YES;
				GCC_WARN_UNINITIALIZED_AUTOS = YES_AGGRESSIVE;
				GCC_WARN_UNUSED_FUNCTION = YES;
				GCC_WARN_UNUSED_VARIABLE = YES;
				IPHONEOS_DEPLOYMENT_TARGET = 10.1;
				MTL_ENABLE_DEBUG_INFO = YES;
				ONLY_ACTIVE_ARCH = YES;
				SDKROOT = iphoneos;
				SWIFT_ACTIVE_COMPILATION_CONDITIONS = DEBUG;
				SWIFT_OPTIMIZATION_LEVEL = "-Onone";
			};
			name = Debug;
		};
		794375AA1DFA17C2009BDC48 /* Release */ = {
			isa = XCBuildConfiguration;
			buildSettings = {
				ALWAYS_SEARCH_USER_PATHS = NO;
				CLANG_ANALYZER_NONNULL = YES;
				CLANG_CXX_LANGUAGE_STANDARD = "gnu++0x";
				CLANG_CXX_LIBRARY = "libc++";
				CLANG_ENABLE_MODULES = YES;
				CLANG_ENABLE_OBJC_ARC = YES;
				CLANG_WARN_BOOL_CONVERSION = YES;
				CLANG_WARN_CONSTANT_CONVERSION = YES;
				CLANG_WARN_DIRECT_OBJC_ISA_USAGE = YES_ERROR;
				CLANG_WARN_DOCUMENTATION_COMMENTS = YES;
				CLANG_WARN_EMPTY_BODY = YES;
				CLANG_WARN_ENUM_CONVERSION = YES;
				CLANG_WARN_INFINITE_RECURSION = YES;
				CLANG_WARN_INT_CONVERSION = YES;
				CLANG_WARN_OBJC_ROOT_CLASS = YES_ERROR;
				CLANG_WARN_SUSPICIOUS_MOVES = YES;
				CLANG_WARN_UNREACHABLE_CODE = YES;
				CLANG_WARN__DUPLICATE_METHOD_MATCH = YES;
				"CODE_SIGN_IDENTITY[sdk=iphoneos*]" = "iPhone Developer";
				COPY_PHASE_STRIP = NO;
				DEBUG_INFORMATION_FORMAT = "dwarf-with-dsym";
				ENABLE_NS_ASSERTIONS = NO;
				ENABLE_STRICT_OBJC_MSGSEND = YES;
				GCC_C_LANGUAGE_STANDARD = gnu99;
				GCC_NO_COMMON_BLOCKS = YES;
				GCC_WARN_64_TO_32_BIT_CONVERSION = YES;
				GCC_WARN_ABOUT_RETURN_TYPE = YES_ERROR;
				GCC_WARN_UNDECLARED_SELECTOR = YES;
				GCC_WARN_UNINITIALIZED_AUTOS = YES_AGGRESSIVE;
				GCC_WARN_UNUSED_FUNCTION = YES;
				GCC_WARN_UNUSED_VARIABLE = YES;
				IPHONEOS_DEPLOYMENT_TARGET = 10.1;
				MTL_ENABLE_DEBUG_INFO = NO;
				SDKROOT = iphoneos;
				SWIFT_OPTIMIZATION_LEVEL = "-Owholemodule";
				VALIDATE_PRODUCT = YES;
			};
			name = Release;
		};
		794375AC1DFA17C2009BDC48 /* Debug */ = {
			isa = XCBuildConfiguration;
			buildSettings = {
				ASSETCATALOG_COMPILER_APPICON_NAME = AppIcon;
				DEVELOPMENT_TEAM = 6W97WT4N63;
				INFOPLIST_FILE = collectionViewPractice/Info.plist;
				LD_RUNPATH_SEARCH_PATHS = "$(inherited) @executable_path/Frameworks";
				PRODUCT_BUNDLE_IDENTIFIER = me.collectionViewPractice;
				PRODUCT_NAME = "$(TARGET_NAME)";
				SWIFT_VERSION = 3.0;
			};
			name = Debug;
		};
		794375AD1DFA17C2009BDC48 /* Release */ = {
			isa = XCBuildConfiguration;
			buildSettings = {
				ASSETCATALOG_COMPILER_APPICON_NAME = AppIcon;
				DEVELOPMENT_TEAM = 6W97WT4N63;
				INFOPLIST_FILE = collectionViewPractice/Info.plist;
				LD_RUNPATH_SEARCH_PATHS = "$(inherited) @executable_path/Frameworks";
				PRODUCT_BUNDLE_IDENTIFIER = me.collectionViewPractice;
				PRODUCT_NAME = "$(TARGET_NAME)";
				SWIFT_VERSION = 3.0;
			};
			name = Release;
		};
		794375AF1DFA17C2009BDC48 /* Debug */ = {
			isa = XCBuildConfiguration;
			buildSettings = {
				ALWAYS_EMBED_SWIFT_STANDARD_LIBRARIES = YES;
				BUNDLE_LOADER = "$(TEST_HOST)";
				DEVELOPMENT_TEAM = 6W97WT4N63;
				INFOPLIST_FILE = collectionViewPracticeTests/Info.plist;
				LD_RUNPATH_SEARCH_PATHS = "$(inherited) @executable_path/Frameworks @loader_path/Frameworks";
				PRODUCT_BUNDLE_IDENTIFIER = me.collectionViewPracticeTests;
				PRODUCT_NAME = "$(TARGET_NAME)";
				SWIFT_VERSION = 3.0;
				TEST_HOST = "$(BUILT_PRODUCTS_DIR)/collectionViewPractice.app/collectionViewPractice";
			};
			name = Debug;
		};
		794375B01DFA17C2009BDC48 /* Release */ = {
			isa = XCBuildConfiguration;
			buildSettings = {
				ALWAYS_EMBED_SWIFT_STANDARD_LIBRARIES = YES;
				BUNDLE_LOADER = "$(TEST_HOST)";
				DEVELOPMENT_TEAM = 6W97WT4N63;
				INFOPLIST_FILE = collectionViewPracticeTests/Info.plist;
				LD_RUNPATH_SEARCH_PATHS = "$(inherited) @executable_path/Frameworks @loader_path/Frameworks";
				PRODUCT_BUNDLE_IDENTIFIER = me.collectionViewPracticeTests;
				PRODUCT_NAME = "$(TARGET_NAME)";
				SWIFT_VERSION = 3.0;
				TEST_HOST = "$(BUILT_PRODUCTS_DIR)/collectionViewPractice.app/collectionViewPractice";
			};
			name = Release;
		};
		794375B21DFA17C2009BDC48 /* Debug */ = {
			isa = XCBuildConfiguration;
			buildSettings = {
				ALWAYS_EMBED_SWIFT_STANDARD_LIBRARIES = YES;
				DEVELOPMENT_TEAM = 6W97WT4N63;
				INFOPLIST_FILE = collectionViewPracticeUITests/Info.plist;
				LD_RUNPATH_SEARCH_PATHS = "$(inherited) @executable_path/Frameworks @loader_path/Frameworks";
				PRODUCT_BUNDLE_IDENTIFIER = me.collectionViewPracticeUITests;
				PRODUCT_NAME = "$(TARGET_NAME)";
				SWIFT_VERSION = 3.0;
				TEST_TARGET_NAME = collectionViewPractice;
			};
			name = Debug;
		};
		794375B31DFA17C2009BDC48 /* Release */ = {
			isa = XCBuildConfiguration;
			buildSettings = {
				ALWAYS_EMBED_SWIFT_STANDARD_LIBRARIES = YES;
				DEVELOPMENT_TEAM = 6W97WT4N63;
				INFOPLIST_FILE = collectionViewPracticeUITests/Info.plist;
				LD_RUNPATH_SEARCH_PATHS = "$(inherited) @executable_path/Frameworks @loader_path/Frameworks";
				PRODUCT_BUNDLE_IDENTIFIER = me.collectionViewPracticeUITests;
				PRODUCT_NAME = "$(TARGET_NAME)";
				SWIFT_VERSION = 3.0;
				TEST_TARGET_NAME = collectionViewPractice;
			};
			name = Release;
		};
/* End XCBuildConfiguration section */

/* Begin XCConfigurationList section */
		7943757E1DFA17C2009BDC48 /* Build configuration list for PBXProject "collectionViewPractice" */ = {
			isa = XCConfigurationList;
			buildConfigurations = (
				794375A91DFA17C2009BDC48 /* Debug */,
				794375AA1DFA17C2009BDC48 /* Release */,
			);
			defaultConfigurationIsVisible = 0;
			defaultConfigurationName = Release;
		};
		794375AB1DFA17C2009BDC48 /* Build configuration list for PBXNativeTarget "collectionViewPractice" */ = {
			isa = XCConfigurationList;
			buildConfigurations = (
				794375AC1DFA17C2009BDC48 /* Debug */,
				794375AD1DFA17C2009BDC48 /* Release */,
			);
			defaultConfigurationIsVisible = 0;
			defaultConfigurationName = Release;
		};
		794375AE1DFA17C2009BDC48 /* Build configuration list for PBXNativeTarget "collectionViewPracticeTests" */ = {
			isa = XCConfigurationList;
			buildConfigurations = (
				794375AF1DFA17C2009BDC48 /* Debug */,
				794375B01DFA17C2009BDC48 /* Release */,
			);
			defaultConfigurationIsVisible = 0;
			defaultConfigurationName = Release;
		};
		794375B11DFA17C2009BDC48 /* Build configuration list for PBXNativeTarget "collectionViewPracticeUITests" */ = {
			isa = XCConfigurationList;
			buildConfigurations = (
				794375B21DFA17C2009BDC48 /* Debug */,
				794375B31DFA17C2009BDC48 /* Release */,
			);
			defaultConfigurationIsVisible = 0;
			defaultConfigurationName = Release;
		};
/* End XCConfigurationList section */
	};
	rootObject = 7943757B1DFA17C2009BDC48 /* Project object */;
}
